
Microsoft Visual Studio Solution File, Format Version 12.00
# Visual Studio Version 17
VisualStudioVersion = 17.0.31903.59
MinimumVisualStudioVersion = 10.0.40219.1
Project("{9A19103F-16F7-4668-BE54-9A1E7A4F7556}") = "WebApi", "WebApi\WebApi.csproj", "{54F8AB91-A292-404D-92AB-D78140CAEB96}"
EndProject
Project("{9A19103F-16F7-4668-BE54-9A1E7A4F7556}") = "Entities", "Entities\Entities.csproj", "{156044B5-E579-4970-91B1-643879AADC04}"
EndProject
Project("{9A19103F-16F7-4668-BE54-9A1E7A4F7556}") = "Repositories", "Repositories\Repositories.csproj", "{0445B70B-9071-4FCA-B745-813395E38CCC}"
EndProject
Project("{9A19103F-16F7-4668-BE54-9A1E7A4F7556}") = "Services", "Services\Services.csproj", "{A34D9538-373A-4C07-A9D7-C3B69EB5A669}"
EndProject
Project("{FAE04EC0-301F-11D3-BF4B-00C04F79EFBC}") = "Presentation", "Presentation\Presentation.csproj", "{7ACAE785-DE62-44BD-85EF-9E6B3AA5277C}"
EndProject
Global
	GlobalSection(SolutionConfigurationPlatforms) = preSolution
		Debug|Any CPU = Debug|Any CPU
		Release|Any CPU = Release|Any CPU
	EndGlobalSection
	GlobalSection(ProjectConfigurationPlatforms) = postSolution
		{54F8AB91-A292-404D-92AB-D78140CAEB96}.Debug|Any CPU.ActiveCfg = Debug|Any CPU
		{54F8AB91-A292-404D-92AB-D78140CAEB96}.Debug|Any CPU.Build.0 = Debug|Any CPU
		{54F8AB91-A292-404D-92AB-D78140CAEB96}.Release|Any CPU.ActiveCfg = Release|Any CPU
		{54F8AB91-A292-404D-92AB-D78140CAEB96}.Release|Any CPU.Build.0 = Release|Any CPU
		{156044B5-E579-4970-91B1-643879AADC04}.Debug|Any CPU.ActiveCfg = Debug|Any CPU
		{156044B5-E579-4970-91B1-643879AADC04}.Debug|Any CPU.Build.0 = Debug|Any CPU
		{156044B5-E579-4970-91B1-643879AADC04}.Release|Any CPU.ActiveCfg = Release|Any CPU
		{156044B5-E579-4970-91B1-643879AADC04}.Release|Any CPU.Build.0 = Release|Any CPU
		{0445B70B-9071-4FCA-B745-813395E38CCC}.Debug|Any CPU.ActiveCfg = Debug|Any CPU
		{0445B70B-9071-4FCA-B745-813395E38CCC}.Debug|Any CPU.Build.0 = Debug|Any CPU
		{0445B70B-9071-4FCA-B745-813395E38CCC}.Release|Any CPU.ActiveCfg = Release|Any CPU
		{0445B70B-9071-4FCA-B745-813395E38CCC}.Release|Any CPU.Build.0 = Release|Any CPU
		{A34D9538-373A-4C07-A9D7-C3B69EB5A669}.Debug|Any CPU.ActiveCfg = Debug|Any CPU
		{A34D9538-373A-4C07-A9D7-C3B69EB5A669}.Debug|Any CPU.Build.0 = Debug|Any CPU
		{A34D9538-373A-4C07-A9D7-C3B69EB5A669}.Release|Any CPU.ActiveCfg = Release|Any CPU
		{A34D9538-373A-4C07-A9D7-C3B69EB5A669}.Release|Any CPU.Build.0 = Release|Any CPU
		{7ACAE785-DE62-44BD-85EF-9E6B3AA5277C}.Debug|Any CPU.ActiveCfg = Debug|Any CPU
		{7ACAE785-DE62-44BD-85EF-9E6B3AA5277C}.Debug|Any CPU.Build.0 = Debug|Any CPU
		{7ACAE785-DE62-44BD-85EF-9E6B3AA5277C}.Release|Any CPU.ActiveCfg = Release|Any CPU
		{7ACAE785-DE62-44BD-85EF-9E6B3AA5277C}.Release|Any CPU.Build.0 = Release|Any CPU
	EndGlobalSection
	GlobalSection(SolutionProperties) = preSolution
		HideSolutionNode = FALSE
	EndGlobalSection
	GlobalSection(ExtensibilityGlobals) = postSolution
		SolutionGuid = {4D464F7B-04DB-4C93-A206-27E84AE5D617}
	EndGlobalSection
EndGlobal
